
Microsoft Visual Studio Solution File, Format Version 12.00
Project("{FAE04EC0-301F-11D3-BF4B-00C04F79EFBC}") = "Task1Design", "Task1Design\Task1Design.csproj", "{69F7C59F-96F8-4111-AAAC-79D4DA22DB7D}"
EndProject
Project("{FAE04EC0-301F-11D3-BF4B-00C04F79EFBC}") = "Task2Reflection", "Task2Reflection\Task2Reflection.csproj", "{31FEAD84-1923-4F9B-9806-083E9823DB3D}"
EndProject
Project("{FAE04EC0-301F-11D3-BF4B-00C04F79EFBC}") = "Task3Functionality", "Task3Functionality\Task3Functionality.csproj", "{D60E4B67-F069-48BD-90AF-3F92576A21A2}"
EndProject
Project("{FAE04EC0-301F-11D3-BF4B-00C04F79EFBC}") = "Task4ProblemSolving", "Task4ProblemSolving\Task4ProblemSolving.csproj", "{71AE8549-2B64-4E41-A408-06777D326D97}"
EndProject
Global
	GlobalSection(SolutionConfigurationPlatforms) = preSolution
		Debug|Any CPU = Debug|Any CPU
		Release|Any CPU = Release|Any CPU
	EndGlobalSection
	GlobalSection(ProjectConfigurationPlatforms) = postSolution
		{69F7C59F-96F8-4111-AAAC-79D4DA22DB7D}.Debug|Any CPU.ActiveCfg = Debug|Any CPU
		{69F7C59F-96F8-4111-AAAC-79D4DA22DB7D}.Debug|Any CPU.Build.0 = Debug|Any CPU
		{69F7C59F-96F8-4111-AAAC-79D4DA22DB7D}.Release|Any CPU.ActiveCfg = Release|Any CPU
		{69F7C59F-96F8-4111-AAAC-79D4DA22DB7D}.Release|Any CPU.Build.0 = Release|Any CPU
		{31FEAD84-1923-4F9B-9806-083E9823DB3D}.Debug|Any CPU.ActiveCfg = Debug|Any CPU
		{31FEAD84-1923-4F9B-9806-083E9823DB3D}.Debug|Any CPU.Build.0 = Debug|Any CPU
		{31FEAD84-1923-4F9B-9806-083E9823DB3D}.Release|Any CPU.ActiveCfg = Release|Any CPU
		{31FEAD84-1923-4F9B-9806-083E9823DB3D}.Release|Any CPU.Build.0 = Release|Any CPU
		{D60E4B67-F069-48BD-90AF-3F92576A21A2}.Debug|Any CPU.ActiveCfg = Debug|Any CPU
		{D60E4B67-F069-48BD-90AF-3F92576A21A2}.Debug|Any CPU.Build.0 = Debug|Any CPU
		{D60E4B67-F069-48BD-90AF-3F92576A21A2}.Release|Any CPU.ActiveCfg = Release|Any CPU
		{D60E4B67-F069-48BD-90AF-3F92576A21A2}.Release|Any CPU.Build.0 = Release|Any CPU
		{71AE8549-2B64-4E41-A408-06777D326D97}.Debug|Any CPU.ActiveCfg = Debug|Any CPU
		{71AE8549-2B64-4E41-A408-06777D326D97}.Debug|Any CPU.Build.0 = Debug|Any CPU
		{71AE8549-2B64-4E41-A408-06777D326D97}.Release|Any CPU.ActiveCfg = Release|Any CPU
		{71AE8549-2B64-4E41-A408-06777D326D97}.Release|Any CPU.Build.0 = Release|Any CPU
	EndGlobalSection
EndGlobal
